
Microsoft Visual Studio Solution File, Format Version 12.00
# Visual Studio Version 17
VisualStudioVersion = 17.12.35707.178 d17.12
MinimumVisualStudioVersion = 10.0.40219.1
Project("{FAE04EC0-301F-11D3-BF4B-00C04F79EFBC}") = "Ekitap.WebUI", "Ekitap.WebUI\Ekitap.WebUI.csproj", "{91AB2ED7-C5C4-4B8C-B074-BFEB40A72832}"
EndProject
Project("{FAE04EC0-301F-11D3-BF4B-00C04F79EFBC}") = "Ekitap.Core", "Ekitap.Core\Ekitap.Core.csproj", "{D4B78A96-087F-4F3E-A127-BB69F85D334A}"
EndProject
Project("{FAE04EC0-301F-11D3-BF4B-00C04F79EFBC}") = "Ekitap.Data", "Ekitap.Data\Ekitap.Data.csproj", "{4168921B-D3EB-4F2A-8FA4-BC517CB2E600}"
EndProject
Project("{FAE04EC0-301F-11D3-BF4B-00C04F79EFBC}") = "Ekitap.Service", "Ekitap.Service\Ekitap.Service.csproj", "{07E33641-BBD5-4641-B5BA-593B43098DCF}"
EndProject
Global
	GlobalSection(SolutionConfigurationPlatforms) = preSolution
		Debug|Any CPU = Debug|Any CPU
		Release|Any CPU = Release|Any CPU
	EndGlobalSection
	GlobalSection(ProjectConfigurationPlatforms) = postSolution
		{91AB2ED7-C5C4-4B8C-B074-BFEB40A72832}.Debug|Any CPU.ActiveCfg = Debug|Any CPU
		{91AB2ED7-C5C4-4B8C-B074-BFEB40A72832}.Debug|Any CPU.Build.0 = Debug|Any CPU
		{91AB2ED7-C5C4-4B8C-B074-BFEB40A72832}.Release|Any CPU.ActiveCfg = Release|Any CPU
		{91AB2ED7-C5C4-4B8C-B074-BFEB40A72832}.Release|Any CPU.Build.0 = Release|Any CPU
		{D4B78A96-087F-4F3E-A127-BB69F85D334A}.Debug|Any CPU.ActiveCfg = Debug|Any CPU
		{D4B78A96-087F-4F3E-A127-BB69F85D334A}.Debug|Any CPU.Build.0 = Debug|Any CPU
		{D4B78A96-087F-4F3E-A127-BB69F85D334A}.Release|Any CPU.ActiveCfg = Release|Any CPU
		{D4B78A96-087F-4F3E-A127-BB69F85D334A}.Release|Any CPU.Build.0 = Release|Any CPU
		{4168921B-D3EB-4F2A-8FA4-BC517CB2E600}.Debug|Any CPU.ActiveCfg = Debug|Any CPU
		{4168921B-D3EB-4F2A-8FA4-BC517CB2E600}.Debug|Any CPU.Build.0 = Debug|Any CPU
		{4168921B-D3EB-4F2A-8FA4-BC517CB2E600}.Release|Any CPU.ActiveCfg = Release|Any CPU
		{4168921B-D3EB-4F2A-8FA4-BC517CB2E600}.Release|Any CPU.Build.0 = Release|Any CPU
		{07E33641-BBD5-4641-B5BA-593B43098DCF}.Debug|Any CPU.ActiveCfg = Debug|Any CPU
		{07E33641-BBD5-4641-B5BA-593B43098DCF}.Debug|Any CPU.Build.0 = Debug|Any CPU
		{07E33641-BBD5-4641-B5BA-593B43098DCF}.Release|Any CPU.ActiveCfg = Release|Any CPU
		{07E33641-BBD5-4641-B5BA-593B43098DCF}.Release|Any CPU.Build.0 = Release|Any CPU
	EndGlobalSection
	GlobalSection(SolutionProperties) = preSolution
		HideSolutionNode = FALSE
	EndGlobalSection
EndGlobal
